
Microsoft Visual Studio Solution File, Format Version 12.00
# Visual Studio Version 16
VisualStudioVersion = 16.0.30204.135
MinimumVisualStudioVersion = 10.0.40219.1
Project("{FAE04EC0-301F-11D3-BF4B-00C04F79EFBC}") = "Lab5_6", "Lab5_6\Lab5_6.csproj", "{C2874656-EC44-4425-9632-002BFA8B2FAD}"
EndProject
Global
	GlobalSection(SolutionConfigurationPlatforms) = preSolution
		Debug|Any CPU = Debug|Any CPU
		Release|Any CPU = Release|Any CPU
	EndGlobalSection
	GlobalSection(ProjectConfigurationPlatforms) = postSolution
		{C2874656-EC44-4425-9632-002BFA8B2FAD}.Debug|Any CPU.ActiveCfg = Debug|Any CPU
		{C2874656-EC44-4425-9632-002BFA8B2FAD}.Debug|Any CPU.Build.0 = Debug|Any CPU
		{C2874656-EC44-4425-9632-002BFA8B2FAD}.Release|Any CPU.ActiveCfg = Release|Any CPU
		{C2874656-EC44-4425-9632-002BFA8B2FAD}.Release|Any CPU.Build.0 = Release|Any CPU
	EndGlobalSection
	GlobalSection(SolutionProperties) = preSolution
		HideSolutionNode = FALSE
	EndGlobalSection
	GlobalSection(ExtensibilityGlobals) = postSolution
		SolutionGuid = {2407E0D1-5D85-46B8-8FC9-020B7847006E}
	EndGlobalSection
EndGlobal
